
Microsoft Visual Studio Solution File, Format Version 12.00
# Visual Studio 15
VisualStudioVersion = 15.0.26430.12
MinimumVisualStudioVersion = 10.0.40219.1
Project("{FAE04EC0-301F-11D3-BF4B-00C04F79EFBC}") = "Задача 1", "ConsoleApplication1\Задача 1.csproj", "{1C668C5D-A2F9-4880-B3DE-9D14B54EF827}"
EndProject
Project("{FAE04EC0-301F-11D3-BF4B-00C04F79EFBC}") = "Задача 2", "Задача 2\Задача 2.csproj", "{E50E31F5-D818-48D6-8256-09EF1BD33B5A}"
EndProject
Project("{FAE04EC0-301F-11D3-BF4B-00C04F79EFBC}") = "Задача 4", "Задача 4\Задача 4.csproj", "{58435B90-7E16-4C4A-B604-C5F608198F7A}"
EndProject
Project("{FAE04EC0-301F-11D3-BF4B-00C04F79EFBC}") = "Задача 6", "Задача 6\Задача 6.csproj", "{B9F97CC6-98D7-4D2D-8CD9-0DED2D3E8119}"
EndProject
Project("{FAE04EC0-301F-11D3-BF4B-00C04F79EFBC}") = "Задача 12", "Задача 12\Задача 12.csproj", "{5DAFAA7A-AA40-4F26-A168-5B59A416E848}"
EndProject
Project("{FAE04EC0-301F-11D3-BF4B-00C04F79EFBC}") = "Задача 3", "Задача 3\Задача 3.csproj", "{1FE18F79-A00E-47AE-9CDB-33BFC7B5055D}"
EndProject
Project("{FAE04EC0-301F-11D3-BF4B-00C04F79EFBC}") = "Задача 5", "Задача 5\Задача 5.csproj", "{009C8C2C-1FD4-40FF-8877-532390C26C6C}"
EndProject
Project("{FAE04EC0-301F-11D3-BF4B-00C04F79EFBC}") = "Задача 7", "Задача 7\Задача 7.csproj", "{3C8C038B-295E-4F64-8E3A-A2455997AD02}"
EndProject
Project("{FAE04EC0-301F-11D3-BF4B-00C04F79EFBC}") = "Задача 8", "Задача 8\Задача 8.csproj", "{582FA44F-BB72-48DD-B03C-332351CC1B4D}"
EndProject
Project("{FAE04EC0-301F-11D3-BF4B-00C04F79EFBC}") = "Задача 9", "Задача 9\Задача 9.csproj", "{846BF6E4-CA10-4AEE-8719-CB084E45EC5B}"
EndProject
Project("{FAE04EC0-301F-11D3-BF4B-00C04F79EFBC}") = "Задача 10", "Задача 10\Задача 10.csproj", "{86C61574-6D45-48C4-BF0A-AB21C763E30F}"
EndProject
Project("{FAE04EC0-301F-11D3-BF4B-00C04F79EFBC}") = "Задача 11", "Задача 11\Задача 11.csproj", "{0779E15E-1A91-4E2B-AF03-E442582C5E80}"
EndProject
Project("{FAE04EC0-301F-11D3-BF4B-00C04F79EFBC}") = "Задача 13", "Задача 13\Задача 13.csproj", "{EF5A5DA9-5659-455D-B548-416A7DA8B8F0}"
EndProject
Project("{FAE04EC0-301F-11D3-BF4B-00C04F79EFBC}") = "Задача 17", "Задача 17\Задача 17.csproj", "{78826ECD-F203-4D59-A11D-4F718D6CB28D}"
EndProject
Project("{FAE04EC0-301F-11D3-BF4B-00C04F79EFBC}") = "Задача 18", "Задача 18\Задача 18.csproj", "{9418A54E-B221-4A7B-89EC-EC415B6CE8F5}"
EndProject
Project("{FAE04EC0-301F-11D3-BF4B-00C04F79EFBC}") = "Задача 19", "Задача 19\Задача 19.csproj", "{C2216AE0-DD6F-45E7-B69F-04E33175396B}"
EndProject
Global
	GlobalSection(SolutionConfigurationPlatforms) = preSolution
		Debug|Any CPU = Debug|Any CPU
		Release|Any CPU = Release|Any CPU
	EndGlobalSection
	GlobalSection(ProjectConfigurationPlatforms) = postSolution
		{1C668C5D-A2F9-4880-B3DE-9D14B54EF827}.Debug|Any CPU.ActiveCfg = Debug|Any CPU
		{1C668C5D-A2F9-4880-B3DE-9D14B54EF827}.Debug|Any CPU.Build.0 = Debug|Any CPU
		{1C668C5D-A2F9-4880-B3DE-9D14B54EF827}.Release|Any CPU.ActiveCfg = Release|Any CPU
		{1C668C5D-A2F9-4880-B3DE-9D14B54EF827}.Release|Any CPU.Build.0 = Release|Any CPU
		{E50E31F5-D818-48D6-8256-09EF1BD33B5A}.Debug|Any CPU.ActiveCfg = Debug|Any CPU
		{E50E31F5-D818-48D6-8256-09EF1BD33B5A}.Debug|Any CPU.Build.0 = Debug|Any CPU
		{E50E31F5-D818-48D6-8256-09EF1BD33B5A}.Release|Any CPU.ActiveCfg = Release|Any CPU
		{E50E31F5-D818-48D6-8256-09EF1BD33B5A}.Release|Any CPU.Build.0 = Release|Any CPU
		{58435B90-7E16-4C4A-B604-C5F608198F7A}.Debug|Any CPU.ActiveCfg = Debug|Any CPU
		{58435B90-7E16-4C4A-B604-C5F608198F7A}.Debug|Any CPU.Build.0 = Debug|Any CPU
		{58435B90-7E16-4C4A-B604-C5F608198F7A}.Release|Any CPU.ActiveCfg = Release|Any CPU
		{58435B90-7E16-4C4A-B604-C5F608198F7A}.Release|Any CPU.Build.0 = Release|Any CPU
		{B9F97CC6-98D7-4D2D-8CD9-0DED2D3E8119}.Debug|Any CPU.ActiveCfg = Debug|Any CPU
		{B9F97CC6-98D7-4D2D-8CD9-0DED2D3E8119}.Debug|Any CPU.Build.0 = Debug|Any CPU
		{B9F97CC6-98D7-4D2D-8CD9-0DED2D3E8119}.Release|Any CPU.ActiveCfg = Release|Any CPU
		{B9F97CC6-98D7-4D2D-8CD9-0DED2D3E8119}.Release|Any CPU.Build.0 = Release|Any CPU
		{5DAFAA7A-AA40-4F26-A168-5B59A416E848}.Debug|Any CPU.ActiveCfg = Debug|Any CPU
		{5DAFAA7A-AA40-4F26-A168-5B59A416E848}.Debug|Any CPU.Build.0 = Debug|Any CPU
		{5DAFAA7A-AA40-4F26-A168-5B59A416E848}.Release|Any CPU.ActiveCfg = Release|Any CPU
		{5DAFAA7A-AA40-4F26-A168-5B59A416E848}.Release|Any CPU.Build.0 = Release|Any CPU
		{1FE18F79-A00E-47AE-9CDB-33BFC7B5055D}.Debug|Any CPU.ActiveCfg = Debug|Any CPU
		{1FE18F79-A00E-47AE-9CDB-33BFC7B5055D}.Debug|Any CPU.Build.0 = Debug|Any CPU
		{1FE18F79-A00E-47AE-9CDB-33BFC7B5055D}.Release|Any CPU.ActiveCfg = Release|Any CPU
		{1FE18F79-A00E-47AE-9CDB-33BFC7B5055D}.Release|Any CPU.Build.0 = Release|Any CPU
		{009C8C2C-1FD4-40FF-8877-532390C26C6C}.Debug|Any CPU.ActiveCfg = Debug|Any CPU
		{009C8C2C-1FD4-40FF-8877-532390C26C6C}.Debug|Any CPU.Build.0 = Debug|Any CPU
		{009C8C2C-1FD4-40FF-8877-532390C26C6C}.Release|Any CPU.ActiveCfg = Release|Any CPU
		{009C8C2C-1FD4-40FF-8877-532390C26C6C}.Release|Any CPU.Build.0 = Release|Any CPU
		{3C8C038B-295E-4F64-8E3A-A2455997AD02}.Debug|Any CPU.ActiveCfg = Debug|Any CPU
		{3C8C038B-295E-4F64-8E3A-A2455997AD02}.Debug|Any CPU.Build.0 = Debug|Any CPU
		{3C8C038B-295E-4F64-8E3A-A2455997AD02}.Release|Any CPU.ActiveCfg = Release|Any CPU
		{3C8C038B-295E-4F64-8E3A-A2455997AD02}.Release|Any CPU.Build.0 = Release|Any CPU
		{582FA44F-BB72-48DD-B03C-332351CC1B4D}.Debug|Any CPU.ActiveCfg = Debug|Any CPU
		{582FA44F-BB72-48DD-B03C-332351CC1B4D}.Debug|Any CPU.Build.0 = Debug|Any CPU
		{582FA44F-BB72-48DD-B03C-332351CC1B4D}.Release|Any CPU.ActiveCfg = Release|Any CPU
		{582FA44F-BB72-48DD-B03C-332351CC1B4D}.Release|Any CPU.Build.0 = Release|Any CPU
		{846BF6E4-CA10-4AEE-8719-CB084E45EC5B}.Debug|Any CPU.ActiveCfg = Debug|Any CPU
		{846BF6E4-CA10-4AEE-8719-CB084E45EC5B}.Debug|Any CPU.Build.0 = Debug|Any CPU
		{846BF6E4-CA10-4AEE-8719-CB084E45EC5B}.Release|Any CPU.ActiveCfg = Release|Any CPU
		{846BF6E4-CA10-4AEE-8719-CB084E45EC5B}.Release|Any CPU.Build.0 = Release|Any CPU
		{86C61574-6D45-48C4-BF0A-AB21C763E30F}.Debug|Any CPU.ActiveCfg = Debug|Any CPU
		{86C61574-6D45-48C4-BF0A-AB21C763E30F}.Debug|Any CPU.Build.0 = Debug|Any CPU
		{86C61574-6D45-48C4-BF0A-AB21C763E30F}.Release|Any CPU.ActiveCfg = Release|Any CPU
		{86C61574-6D45-48C4-BF0A-AB21C763E30F}.Release|Any CPU.Build.0 = Release|Any CPU
		{0779E15E-1A91-4E2B-AF03-E442582C5E80}.Debug|Any CPU.ActiveCfg = Debug|Any CPU
		{0779E15E-1A91-4E2B-AF03-E442582C5E80}.Debug|Any CPU.Build.0 = Debug|Any CPU
		{0779E15E-1A91-4E2B-AF03-E442582C5E80}.Release|Any CPU.ActiveCfg = Release|Any CPU
		{0779E15E-1A91-4E2B-AF03-E442582C5E80}.Release|Any CPU.Build.0 = Release|Any CPU
		{EF5A5DA9-5659-455D-B548-416A7DA8B8F0}.Debug|Any CPU.ActiveCfg = Debug|Any CPU
		{EF5A5DA9-5659-455D-B548-416A7DA8B8F0}.Debug|Any CPU.Build.0 = Debug|Any CPU
		{EF5A5DA9-5659-455D-B548-416A7DA8B8F0}.Release|Any CPU.ActiveCfg = Release|Any CPU
		{EF5A5DA9-5659-455D-B548-416A7DA8B8F0}.Release|Any CPU.Build.0 = Release|Any CPU
		{78826ECD-F203-4D59-A11D-4F718D6CB28D}.Debug|Any CPU.ActiveCfg = Debug|Any CPU
		{78826ECD-F203-4D59-A11D-4F718D6CB28D}.Debug|Any CPU.Build.0 = Debug|Any CPU
		{78826ECD-F203-4D59-A11D-4F718D6CB28D}.Release|Any CPU.ActiveCfg = Release|Any CPU
		{78826ECD-F203-4D59-A11D-4F718D6CB28D}.Release|Any CPU.Build.0 = Release|Any CPU
		{9418A54E-B221-4A7B-89EC-EC415B6CE8F5}.Debug|Any CPU.ActiveCfg = Debug|Any CPU
		{9418A54E-B221-4A7B-89EC-EC415B6CE8F5}.Debug|Any CPU.Build.0 = Debug|Any CPU
		{9418A54E-B221-4A7B-89EC-EC415B6CE8F5}.Release|Any CPU.ActiveCfg = Release|Any CPU
		{9418A54E-B221-4A7B-89EC-EC415B6CE8F5}.Release|Any CPU.Build.0 = Release|Any CPU
		{C2216AE0-DD6F-45E7-B69F-04E33175396B}.Debug|Any CPU.ActiveCfg = Debug|Any CPU
		{C2216AE0-DD6F-45E7-B69F-04E33175396B}.Debug|Any CPU.Build.0 = Debug|Any CPU
		{C2216AE0-DD6F-45E7-B69F-04E33175396B}.Release|Any CPU.ActiveCfg = Release|Any CPU
		{C2216AE0-DD6F-45E7-B69F-04E33175396B}.Release|Any CPU.Build.0 = Release|Any CPU
	EndGlobalSection
	GlobalSection(SolutionProperties) = preSolution
		HideSolutionNode = FALSE
	EndGlobalSection
EndGlobal
