
Microsoft Visual Studio Solution File, Format Version 12.00
# Visual Studio Express 2013 for Windows Desktop
VisualStudioVersion = 12.0.40629.0
MinimumVisualStudioVersion = 10.0.40219.1
Project("{FAE04EC0-301F-11D3-BF4B-00C04F79EFBC}") = "Задание 1", "Задание 1\Задание 1.csproj", "{2577E5DC-E203-475D-9FD0-7D9D33F0E9E6}"
EndProject
Project("{FAE04EC0-301F-11D3-BF4B-00C04F79EFBC}") = "Задание 2", "Задание 2\Задание 2.csproj", "{15D25BE1-71A3-4878-89B1-D6C4F61FF9F8}"
EndProject
Project("{FAE04EC0-301F-11D3-BF4B-00C04F79EFBC}") = "Задание 4", "Задание 4\Задание 4.csproj", "{67888D91-AB16-4475-A1A4-8111CC5251E2}"
EndProject
Project("{FAE04EC0-301F-11D3-BF4B-00C04F79EFBC}") = "Задание 7", "Задание 7\Задание 7.csproj", "{BBE69419-A770-47BC-811E-8482D9C5F00C}"
EndProject
Project("{FAE04EC0-301F-11D3-BF4B-00C04F79EFBC}") = "Задание 10", "Задание 10\Задание 10.csproj", "{EEAD7C70-9F1F-4285-A4A8-243FF3D4BB63}"
EndProject
Project("{FAE04EC0-301F-11D3-BF4B-00C04F79EFBC}") = "Задание 11", "Задание 11\Задание 11.csproj", "{105195EA-0C4E-469C-96F9-1B2FEE1BFF76}"
EndProject
Project("{FAE04EC0-301F-11D3-BF4B-00C04F79EFBC}") = "Задание 6", "Задание 6\Задание 6.csproj", "{C2560928-84ED-4A32-8CC0-9D4B472569D5}"
EndProject
Project("{FAE04EC0-301F-11D3-BF4B-00C04F79EFBC}") = "Задание 16", "Задание 16\Задание 16.csproj", "{DB7F0283-B827-45CF-9A23-30C8FE1E1D5B}"
EndProject
Project("{FAE04EC0-301F-11D3-BF4B-00C04F79EFBC}") = "Задание 3", "Задание 3\Задание 3.csproj", "{395FA650-428F-43BC-985E-D4294247EA61}"
EndProject
Project("{FAE04EC0-301F-11D3-BF4B-00C04F79EFBC}") = "Задание 5", "Задание 5\Задание 5.csproj", "{27752FC4-1115-46FA-88EE-48354F733E7D}"
EndProject
Project("{FAE04EC0-301F-11D3-BF4B-00C04F79EFBC}") = "Задание 8", "Задание 8\Задание 8.csproj", "{688AE920-DBC4-4A02-9124-F9164E91430E}"
EndProject
Project("{FAE04EC0-301F-11D3-BF4B-00C04F79EFBC}") = "Задание 9", "Задание 9\Задание 9.csproj", "{3A30B567-FF25-4B9D-B18E-5FF13DAF485F}"
EndProject
Project("{FAE04EC0-301F-11D3-BF4B-00C04F79EFBC}") = "Задание 12", "Задание 12\Задание 12.csproj", "{CDE99D87-4F9F-44FC-8C2A-DCBF4E0A2E2A}"
EndProject
Project("{FAE04EC0-301F-11D3-BF4B-00C04F79EFBC}") = "Задание 13", "Задание 13\Задание 13.csproj", "{6C558833-6EA0-4835-8FB8-78F540BBC720}"
EndProject
Project("{FAE04EC0-301F-11D3-BF4B-00C04F79EFBC}") = "Задание 14", "Задание 14\Задание 14.csproj", "{87E08C19-901B-4569-ACBB-A8697A26BE78}"
EndProject
Project("{FAE04EC0-301F-11D3-BF4B-00C04F79EFBC}") = "Задание 15", "Задание 15\Задание 15.csproj", "{CFD8B6F5-EC26-49EA-9B05-ABBBEC167DD1}"
EndProject
Project("{FAE04EC0-301F-11D3-BF4B-00C04F79EFBC}") = "Задание 17", "Задание 17\Задание 17.csproj", "{60657AF0-CD5D-40EF-ABEE-DAA45ECA4181}"
EndProject
Project("{FAE04EC0-301F-11D3-BF4B-00C04F79EFBC}") = "Задание 18", "Задание 18\Задание 18.csproj", "{5D27300E-60C4-4E2E-A399-4C07E04C69D4}"
EndProject
Project("{FAE04EC0-301F-11D3-BF4B-00C04F79EFBC}") = "Задание 19", "Задание 19\Задание 19.csproj", "{61E3C07B-9912-45E0-99C3-8B11D27E7EB3}"
EndProject
Project("{FAE04EC0-301F-11D3-BF4B-00C04F79EFBC}") = "Задание 20", "Задание 20\Задание 20.csproj", "{59930D0E-0DE2-40AE-87BB-C9CA6A098FA1}"
EndProject
Project("{FAE04EC0-301F-11D3-BF4B-00C04F79EFBC}") = "Задание 21", "Задание 21\Задание 21.csproj", "{9554335A-1B07-4340-B073-D7BFF3E24BB3}"
EndProject
Project("{FAE04EC0-301F-11D3-BF4B-00C04F79EFBC}") = "Задание 22", "Задание 22\Задание 22.csproj", "{81777F4A-8CFE-4344-AC54-EAE38F2FD0C1}"
EndProject
Project("{FAE04EC0-301F-11D3-BF4B-00C04F79EFBC}") = "Задание 23", "Задание 23\Задание 23.csproj", "{A649FFBA-0D10-4B06-8FF9-8D8BC228921A}"
EndProject
Project("{FAE04EC0-301F-11D3-BF4B-00C04F79EFBC}") = "Задание 24", "Задание 24\Задание 24.csproj", "{ACB3E567-D086-4DD9-8FC1-96DEB4A79629}"
EndProject
Project("{FAE04EC0-301F-11D3-BF4B-00C04F79EFBC}") = "Задание 25", "Задание 25\Задание 25.csproj", "{361EB4D7-A76B-48C0-9CAE-9A207E61A95E}"
EndProject
Project("{FAE04EC0-301F-11D3-BF4B-00C04F79EFBC}") = "Задание 26", "Задание 26\Задание 26.csproj", "{CDC84873-D4DC-4FBA-81D6-A95B92656FB2}"
EndProject
Project("{FAE04EC0-301F-11D3-BF4B-00C04F79EFBC}") = "Задание 27", "Задание 27\Задание 27.csproj", "{A1A5B161-A325-44A9-962F-810081164EB1}"
EndProject
Project("{FAE04EC0-301F-11D3-BF4B-00C04F79EFBC}") = "Задание 28", "Задание 28\Задание 28.csproj", "{D748A3CE-FC98-4BF9-A29D-D60E2A79E3F8}"
EndProject
Project("{FAE04EC0-301F-11D3-BF4B-00C04F79EFBC}") = "Задание 29", "Задание 29\Задание 29.csproj", "{950D4DEF-F5E2-4E4E-B0EC-4F706D68EAD3}"
EndProject
Project("{FAE04EC0-301F-11D3-BF4B-00C04F79EFBC}") = "Задание 30", "Задание 30\Задание 30.csproj", "{697E236E-B626-49F4-A765-28D8ED68C21F}"
EndProject
Project("{FAE04EC0-301F-11D3-BF4B-00C04F79EFBC}") = "Задание 31", "Задание 31\Задание 31.csproj", "{E3FC0F20-231F-4BE3-B987-462CACBDD7D7}"
EndProject
Project("{FAE04EC0-301F-11D3-BF4B-00C04F79EFBC}") = "Задание 32", "Задание 32\Задание 32.csproj", "{0321A693-55FB-40E2-82E3-582AA3B88713}"
EndProject
Project("{FAE04EC0-301F-11D3-BF4B-00C04F79EFBC}") = "Задание 33", "Задание 33\Задание 33.csproj", "{E0A38899-193C-43AA-9B6E-1032159062B4}"
EndProject
Project("{FAE04EC0-301F-11D3-BF4B-00C04F79EFBC}") = "Задание 34", "Задание 34\Задание 34.csproj", "{EAE72E2B-A1B3-49B0-AD61-2C5D9A6BB1B0}"
EndProject
Project("{FAE04EC0-301F-11D3-BF4B-00C04F79EFBC}") = "Задание 35", "Задание 35\Задание 35.csproj", "{6F71BA87-3875-4878-9BDD-AAB510197952}"
EndProject
Project("{FAE04EC0-301F-11D3-BF4B-00C04F79EFBC}") = "Задание 37", "Задание 37\Задание 37.csproj", "{5B096079-153F-4ACA-A654-02EED914456C}"
EndProject
Project("{FAE04EC0-301F-11D3-BF4B-00C04F79EFBC}") = "Задание 36", "Задание 36\Задание 36.csproj", "{197CBCC2-1EFB-4031-AA6D-43F8D212AB4A}"
EndProject
Global
	GlobalSection(SolutionConfigurationPlatforms) = preSolution
		Debug|Any CPU = Debug|Any CPU
		Release|Any CPU = Release|Any CPU
	EndGlobalSection
	GlobalSection(ProjectConfigurationPlatforms) = postSolution
		{2577E5DC-E203-475D-9FD0-7D9D33F0E9E6}.Debug|Any CPU.ActiveCfg = Debug|Any CPU
		{2577E5DC-E203-475D-9FD0-7D9D33F0E9E6}.Debug|Any CPU.Build.0 = Debug|Any CPU
		{2577E5DC-E203-475D-9FD0-7D9D33F0E9E6}.Release|Any CPU.ActiveCfg = Release|Any CPU
		{2577E5DC-E203-475D-9FD0-7D9D33F0E9E6}.Release|Any CPU.Build.0 = Release|Any CPU
		{15D25BE1-71A3-4878-89B1-D6C4F61FF9F8}.Debug|Any CPU.ActiveCfg = Debug|Any CPU
		{15D25BE1-71A3-4878-89B1-D6C4F61FF9F8}.Debug|Any CPU.Build.0 = Debug|Any CPU
		{15D25BE1-71A3-4878-89B1-D6C4F61FF9F8}.Release|Any CPU.ActiveCfg = Release|Any CPU
		{15D25BE1-71A3-4878-89B1-D6C4F61FF9F8}.Release|Any CPU.Build.0 = Release|Any CPU
		{67888D91-AB16-4475-A1A4-8111CC5251E2}.Debug|Any CPU.ActiveCfg = Debug|Any CPU
		{67888D91-AB16-4475-A1A4-8111CC5251E2}.Debug|Any CPU.Build.0 = Debug|Any CPU
		{67888D91-AB16-4475-A1A4-8111CC5251E2}.Release|Any CPU.ActiveCfg = Release|Any CPU
		{67888D91-AB16-4475-A1A4-8111CC5251E2}.Release|Any CPU.Build.0 = Release|Any CPU
		{BBE69419-A770-47BC-811E-8482D9C5F00C}.Debug|Any CPU.ActiveCfg = Debug|Any CPU
		{BBE69419-A770-47BC-811E-8482D9C5F00C}.Debug|Any CPU.Build.0 = Debug|Any CPU
		{BBE69419-A770-47BC-811E-8482D9C5F00C}.Release|Any CPU.ActiveCfg = Release|Any CPU
		{BBE69419-A770-47BC-811E-8482D9C5F00C}.Release|Any CPU.Build.0 = Release|Any CPU
		{EEAD7C70-9F1F-4285-A4A8-243FF3D4BB63}.Debug|Any CPU.ActiveCfg = Debug|Any CPU
		{EEAD7C70-9F1F-4285-A4A8-243FF3D4BB63}.Debug|Any CPU.Build.0 = Debug|Any CPU
		{EEAD7C70-9F1F-4285-A4A8-243FF3D4BB63}.Release|Any CPU.ActiveCfg = Release|Any CPU
		{EEAD7C70-9F1F-4285-A4A8-243FF3D4BB63}.Release|Any CPU.Build.0 = Release|Any CPU
		{105195EA-0C4E-469C-96F9-1B2FEE1BFF76}.Debug|Any CPU.ActiveCfg = Debug|Any CPU
		{105195EA-0C4E-469C-96F9-1B2FEE1BFF76}.Debug|Any CPU.Build.0 = Debug|Any CPU
		{105195EA-0C4E-469C-96F9-1B2FEE1BFF76}.Release|Any CPU.ActiveCfg = Release|Any CPU
		{105195EA-0C4E-469C-96F9-1B2FEE1BFF76}.Release|Any CPU.Build.0 = Release|Any CPU
		{C2560928-84ED-4A32-8CC0-9D4B472569D5}.Debug|Any CPU.ActiveCfg = Debug|Any CPU
		{C2560928-84ED-4A32-8CC0-9D4B472569D5}.Debug|Any CPU.Build.0 = Debug|Any CPU
		{C2560928-84ED-4A32-8CC0-9D4B472569D5}.Release|Any CPU.ActiveCfg = Release|Any CPU
		{C2560928-84ED-4A32-8CC0-9D4B472569D5}.Release|Any CPU.Build.0 = Release|Any CPU
		{DB7F0283-B827-45CF-9A23-30C8FE1E1D5B}.Debug|Any CPU.ActiveCfg = Debug|Any CPU
		{DB7F0283-B827-45CF-9A23-30C8FE1E1D5B}.Debug|Any CPU.Build.0 = Debug|Any CPU
		{DB7F0283-B827-45CF-9A23-30C8FE1E1D5B}.Release|Any CPU.ActiveCfg = Release|Any CPU
		{DB7F0283-B827-45CF-9A23-30C8FE1E1D5B}.Release|Any CPU.Build.0 = Release|Any CPU
		{395FA650-428F-43BC-985E-D4294247EA61}.Debug|Any CPU.ActiveCfg = Debug|Any CPU
		{395FA650-428F-43BC-985E-D4294247EA61}.Debug|Any CPU.Build.0 = Debug|Any CPU
		{395FA650-428F-43BC-985E-D4294247EA61}.Release|Any CPU.ActiveCfg = Release|Any CPU
		{395FA650-428F-43BC-985E-D4294247EA61}.Release|Any CPU.Build.0 = Release|Any CPU
		{27752FC4-1115-46FA-88EE-48354F733E7D}.Debug|Any CPU.ActiveCfg = Debug|Any CPU
		{27752FC4-1115-46FA-88EE-48354F733E7D}.Debug|Any CPU.Build.0 = Debug|Any CPU
		{27752FC4-1115-46FA-88EE-48354F733E7D}.Release|Any CPU.ActiveCfg = Release|Any CPU
		{27752FC4-1115-46FA-88EE-48354F733E7D}.Release|Any CPU.Build.0 = Release|Any CPU
		{688AE920-DBC4-4A02-9124-F9164E91430E}.Debug|Any CPU.ActiveCfg = Debug|Any CPU
		{688AE920-DBC4-4A02-9124-F9164E91430E}.Debug|Any CPU.Build.0 = Debug|Any CPU
		{688AE920-DBC4-4A02-9124-F9164E91430E}.Release|Any CPU.ActiveCfg = Release|Any CPU
		{688AE920-DBC4-4A02-9124-F9164E91430E}.Release|Any CPU.Build.0 = Release|Any CPU
		{3A30B567-FF25-4B9D-B18E-5FF13DAF485F}.Debug|Any CPU.ActiveCfg = Debug|Any CPU
		{3A30B567-FF25-4B9D-B18E-5FF13DAF485F}.Debug|Any CPU.Build.0 = Debug|Any CPU
		{3A30B567-FF25-4B9D-B18E-5FF13DAF485F}.Release|Any CPU.ActiveCfg = Release|Any CPU
		{3A30B567-FF25-4B9D-B18E-5FF13DAF485F}.Release|Any CPU.Build.0 = Release|Any CPU
		{CDE99D87-4F9F-44FC-8C2A-DCBF4E0A2E2A}.Debug|Any CPU.ActiveCfg = Debug|Any CPU
		{CDE99D87-4F9F-44FC-8C2A-DCBF4E0A2E2A}.Debug|Any CPU.Build.0 = Debug|Any CPU
		{CDE99D87-4F9F-44FC-8C2A-DCBF4E0A2E2A}.Release|Any CPU.ActiveCfg = Release|Any CPU
		{CDE99D87-4F9F-44FC-8C2A-DCBF4E0A2E2A}.Release|Any CPU.Build.0 = Release|Any CPU
		{6C558833-6EA0-4835-8FB8-78F540BBC720}.Debug|Any CPU.ActiveCfg = Debug|Any CPU
		{6C558833-6EA0-4835-8FB8-78F540BBC720}.Debug|Any CPU.Build.0 = Debug|Any CPU
		{6C558833-6EA0-4835-8FB8-78F540BBC720}.Release|Any CPU.ActiveCfg = Release|Any CPU
		{6C558833-6EA0-4835-8FB8-78F540BBC720}.Release|Any CPU.Build.0 = Release|Any CPU
		{87E08C19-901B-4569-ACBB-A8697A26BE78}.Debug|Any CPU.ActiveCfg = Debug|Any CPU
		{87E08C19-901B-4569-ACBB-A8697A26BE78}.Debug|Any CPU.Build.0 = Debug|Any CPU
		{87E08C19-901B-4569-ACBB-A8697A26BE78}.Release|Any CPU.ActiveCfg = Release|Any CPU
		{87E08C19-901B-4569-ACBB-A8697A26BE78}.Release|Any CPU.Build.0 = Release|Any CPU
		{CFD8B6F5-EC26-49EA-9B05-ABBBEC167DD1}.Debug|Any CPU.ActiveCfg = Debug|Any CPU
		{CFD8B6F5-EC26-49EA-9B05-ABBBEC167DD1}.Debug|Any CPU.Build.0 = Debug|Any CPU
		{CFD8B6F5-EC26-49EA-9B05-ABBBEC167DD1}.Release|Any CPU.ActiveCfg = Release|Any CPU
		{CFD8B6F5-EC26-49EA-9B05-ABBBEC167DD1}.Release|Any CPU.Build.0 = Release|Any CPU
		{60657AF0-CD5D-40EF-ABEE-DAA45ECA4181}.Debug|Any CPU.ActiveCfg = Debug|Any CPU
		{60657AF0-CD5D-40EF-ABEE-DAA45ECA4181}.Debug|Any CPU.Build.0 = Debug|Any CPU
		{60657AF0-CD5D-40EF-ABEE-DAA45ECA4181}.Release|Any CPU.ActiveCfg = Release|Any CPU
		{60657AF0-CD5D-40EF-ABEE-DAA45ECA4181}.Release|Any CPU.Build.0 = Release|Any CPU
		{5D27300E-60C4-4E2E-A399-4C07E04C69D4}.Debug|Any CPU.ActiveCfg = Debug|Any CPU
		{5D27300E-60C4-4E2E-A399-4C07E04C69D4}.Debug|Any CPU.Build.0 = Debug|Any CPU
		{5D27300E-60C4-4E2E-A399-4C07E04C69D4}.Release|Any CPU.ActiveCfg = Release|Any CPU
		{5D27300E-60C4-4E2E-A399-4C07E04C69D4}.Release|Any CPU.Build.0 = Release|Any CPU
		{61E3C07B-9912-45E0-99C3-8B11D27E7EB3}.Debug|Any CPU.ActiveCfg = Debug|Any CPU
		{61E3C07B-9912-45E0-99C3-8B11D27E7EB3}.Debug|Any CPU.Build.0 = Debug|Any CPU
		{61E3C07B-9912-45E0-99C3-8B11D27E7EB3}.Release|Any CPU.ActiveCfg = Release|Any CPU
		{61E3C07B-9912-45E0-99C3-8B11D27E7EB3}.Release|Any CPU.Build.0 = Release|Any CPU
		{59930D0E-0DE2-40AE-87BB-C9CA6A098FA1}.Debug|Any CPU.ActiveCfg = Debug|Any CPU
		{59930D0E-0DE2-40AE-87BB-C9CA6A098FA1}.Debug|Any CPU.Build.0 = Debug|Any CPU
		{59930D0E-0DE2-40AE-87BB-C9CA6A098FA1}.Release|Any CPU.ActiveCfg = Release|Any CPU
		{59930D0E-0DE2-40AE-87BB-C9CA6A098FA1}.Release|Any CPU.Build.0 = Release|Any CPU
		{9554335A-1B07-4340-B073-D7BFF3E24BB3}.Debug|Any CPU.ActiveCfg = Debug|Any CPU
		{9554335A-1B07-4340-B073-D7BFF3E24BB3}.Debug|Any CPU.Build.0 = Debug|Any CPU
		{9554335A-1B07-4340-B073-D7BFF3E24BB3}.Release|Any CPU.ActiveCfg = Release|Any CPU
		{9554335A-1B07-4340-B073-D7BFF3E24BB3}.Release|Any CPU.Build.0 = Release|Any CPU
		{81777F4A-8CFE-4344-AC54-EAE38F2FD0C1}.Debug|Any CPU.ActiveCfg = Debug|Any CPU
		{81777F4A-8CFE-4344-AC54-EAE38F2FD0C1}.Debug|Any CPU.Build.0 = Debug|Any CPU
		{81777F4A-8CFE-4344-AC54-EAE38F2FD0C1}.Release|Any CPU.ActiveCfg = Release|Any CPU
		{81777F4A-8CFE-4344-AC54-EAE38F2FD0C1}.Release|Any CPU.Build.0 = Release|Any CPU
		{A649FFBA-0D10-4B06-8FF9-8D8BC228921A}.Debug|Any CPU.ActiveCfg = Debug|Any CPU
		{A649FFBA-0D10-4B06-8FF9-8D8BC228921A}.Debug|Any CPU.Build.0 = Debug|Any CPU
		{A649FFBA-0D10-4B06-8FF9-8D8BC228921A}.Release|Any CPU.ActiveCfg = Release|Any CPU
		{A649FFBA-0D10-4B06-8FF9-8D8BC228921A}.Release|Any CPU.Build.0 = Release|Any CPU
		{ACB3E567-D086-4DD9-8FC1-96DEB4A79629}.Debug|Any CPU.ActiveCfg = Debug|Any CPU
		{ACB3E567-D086-4DD9-8FC1-96DEB4A79629}.Debug|Any CPU.Build.0 = Debug|Any CPU
		{ACB3E567-D086-4DD9-8FC1-96DEB4A79629}.Release|Any CPU.ActiveCfg = Release|Any CPU
		{ACB3E567-D086-4DD9-8FC1-96DEB4A79629}.Release|Any CPU.Build.0 = Release|Any CPU
		{361EB4D7-A76B-48C0-9CAE-9A207E61A95E}.Debug|Any CPU.ActiveCfg = Debug|Any CPU
		{361EB4D7-A76B-48C0-9CAE-9A207E61A95E}.Debug|Any CPU.Build.0 = Debug|Any CPU
		{361EB4D7-A76B-48C0-9CAE-9A207E61A95E}.Release|Any CPU.ActiveCfg = Release|Any CPU
		{361EB4D7-A76B-48C0-9CAE-9A207E61A95E}.Release|Any CPU.Build.0 = Release|Any CPU
		{CDC84873-D4DC-4FBA-81D6-A95B92656FB2}.Debug|Any CPU.ActiveCfg = Debug|Any CPU
		{CDC84873-D4DC-4FBA-81D6-A95B92656FB2}.Debug|Any CPU.Build.0 = Debug|Any CPU
		{CDC84873-D4DC-4FBA-81D6-A95B92656FB2}.Release|Any CPU.ActiveCfg = Release|Any CPU
		{CDC84873-D4DC-4FBA-81D6-A95B92656FB2}.Release|Any CPU.Build.0 = Release|Any CPU
		{A1A5B161-A325-44A9-962F-810081164EB1}.Debug|Any CPU.ActiveCfg = Debug|Any CPU
		{A1A5B161-A325-44A9-962F-810081164EB1}.Debug|Any CPU.Build.0 = Debug|Any CPU
		{A1A5B161-A325-44A9-962F-810081164EB1}.Release|Any CPU.ActiveCfg = Release|Any CPU
		{A1A5B161-A325-44A9-962F-810081164EB1}.Release|Any CPU.Build.0 = Release|Any CPU
		{D748A3CE-FC98-4BF9-A29D-D60E2A79E3F8}.Debug|Any CPU.ActiveCfg = Debug|Any CPU
		{D748A3CE-FC98-4BF9-A29D-D60E2A79E3F8}.Debug|Any CPU.Build.0 = Debug|Any CPU
		{D748A3CE-FC98-4BF9-A29D-D60E2A79E3F8}.Release|Any CPU.ActiveCfg = Release|Any CPU
		{D748A3CE-FC98-4BF9-A29D-D60E2A79E3F8}.Release|Any CPU.Build.0 = Release|Any CPU
		{950D4DEF-F5E2-4E4E-B0EC-4F706D68EAD3}.Debug|Any CPU.ActiveCfg = Debug|Any CPU
		{950D4DEF-F5E2-4E4E-B0EC-4F706D68EAD3}.Debug|Any CPU.Build.0 = Debug|Any CPU
		{950D4DEF-F5E2-4E4E-B0EC-4F706D68EAD3}.Release|Any CPU.ActiveCfg = Release|Any CPU
		{950D4DEF-F5E2-4E4E-B0EC-4F706D68EAD3}.Release|Any CPU.Build.0 = Release|Any CPU
		{697E236E-B626-49F4-A765-28D8ED68C21F}.Debug|Any CPU.ActiveCfg = Debug|Any CPU
		{697E236E-B626-49F4-A765-28D8ED68C21F}.Debug|Any CPU.Build.0 = Debug|Any CPU
		{697E236E-B626-49F4-A765-28D8ED68C21F}.Release|Any CPU.ActiveCfg = Release|Any CPU
		{697E236E-B626-49F4-A765-28D8ED68C21F}.Release|Any CPU.Build.0 = Release|Any CPU
		{E3FC0F20-231F-4BE3-B987-462CACBDD7D7}.Debug|Any CPU.ActiveCfg = Debug|Any CPU
		{E3FC0F20-231F-4BE3-B987-462CACBDD7D7}.Debug|Any CPU.Build.0 = Debug|Any CPU
		{E3FC0F20-231F-4BE3-B987-462CACBDD7D7}.Release|Any CPU.ActiveCfg = Release|Any CPU
		{E3FC0F20-231F-4BE3-B987-462CACBDD7D7}.Release|Any CPU.Build.0 = Release|Any CPU
		{0321A693-55FB-40E2-82E3-582AA3B88713}.Debug|Any CPU.ActiveCfg = Debug|Any CPU
		{0321A693-55FB-40E2-82E3-582AA3B88713}.Debug|Any CPU.Build.0 = Debug|Any CPU
		{0321A693-55FB-40E2-82E3-582AA3B88713}.Release|Any CPU.ActiveCfg = Release|Any CPU
		{0321A693-55FB-40E2-82E3-582AA3B88713}.Release|Any CPU.Build.0 = Release|Any CPU
		{E0A38899-193C-43AA-9B6E-1032159062B4}.Debug|Any CPU.ActiveCfg = Debug|Any CPU
		{E0A38899-193C-43AA-9B6E-1032159062B4}.Debug|Any CPU.Build.0 = Debug|Any CPU
		{E0A38899-193C-43AA-9B6E-1032159062B4}.Release|Any CPU.ActiveCfg = Release|Any CPU
		{E0A38899-193C-43AA-9B6E-1032159062B4}.Release|Any CPU.Build.0 = Release|Any CPU
		{EAE72E2B-A1B3-49B0-AD61-2C5D9A6BB1B0}.Debug|Any CPU.ActiveCfg = Debug|Any CPU
		{EAE72E2B-A1B3-49B0-AD61-2C5D9A6BB1B0}.Debug|Any CPU.Build.0 = Debug|Any CPU
		{EAE72E2B-A1B3-49B0-AD61-2C5D9A6BB1B0}.Release|Any CPU.ActiveCfg = Release|Any CPU
		{EAE72E2B-A1B3-49B0-AD61-2C5D9A6BB1B0}.Release|Any CPU.Build.0 = Release|Any CPU
		{6F71BA87-3875-4878-9BDD-AAB510197952}.Debug|Any CPU.ActiveCfg = Debug|Any CPU
		{6F71BA87-3875-4878-9BDD-AAB510197952}.Debug|Any CPU.Build.0 = Debug|Any CPU
		{6F71BA87-3875-4878-9BDD-AAB510197952}.Release|Any CPU.ActiveCfg = Release|Any CPU
		{6F71BA87-3875-4878-9BDD-AAB510197952}.Release|Any CPU.Build.0 = Release|Any CPU
		{5B096079-153F-4ACA-A654-02EED914456C}.Debug|Any CPU.ActiveCfg = Debug|Any CPU
		{5B096079-153F-4ACA-A654-02EED914456C}.Debug|Any CPU.Build.0 = Debug|Any CPU
		{5B096079-153F-4ACA-A654-02EED914456C}.Release|Any CPU.ActiveCfg = Release|Any CPU
		{5B096079-153F-4ACA-A654-02EED914456C}.Release|Any CPU.Build.0 = Release|Any CPU
		{197CBCC2-1EFB-4031-AA6D-43F8D212AB4A}.Debug|Any CPU.ActiveCfg = Debug|Any CPU
		{197CBCC2-1EFB-4031-AA6D-43F8D212AB4A}.Debug|Any CPU.Build.0 = Debug|Any CPU
		{197CBCC2-1EFB-4031-AA6D-43F8D212AB4A}.Release|Any CPU.ActiveCfg = Release|Any CPU
		{197CBCC2-1EFB-4031-AA6D-43F8D212AB4A}.Release|Any CPU.Build.0 = Release|Any CPU
	EndGlobalSection
	GlobalSection(SolutionProperties) = preSolution
		HideSolutionNode = FALSE
	EndGlobalSection
EndGlobal
