
Microsoft Visual Studio Solution File, Format Version 12.00
# Visual Studio 2013
VisualStudioVersion = 12.0.31101.0
MinimumVisualStudioVersion = 10.0.40219.1
Project("{FAE04EC0-301F-11D3-BF4B-00C04F79EFBC}") = "Задача 1", "Задача 1\Задача 1.csproj", "{BDBE5996-CA30-4A02-8278-DBF7AB35349E}"
EndProject
Project("{FAE04EC0-301F-11D3-BF4B-00C04F79EFBC}") = "Задача 2", "Задача 2\Задача 2.csproj", "{FECED52D-7ED2-4F1B-B62B-9113D3E14BD7}"
EndProject
Project("{FAE04EC0-301F-11D3-BF4B-00C04F79EFBC}") = "Задача 6", "Задача 6\Задача 6.csproj", "{768093C8-D17F-4A02-BDEA-1922AAFF5518}"
EndProject
Global
	GlobalSection(SolutionConfigurationPlatforms) = preSolution
		Debug|Any CPU = Debug|Any CPU
		Release|Any CPU = Release|Any CPU
	EndGlobalSection
	GlobalSection(ProjectConfigurationPlatforms) = postSolution
		{BDBE5996-CA30-4A02-8278-DBF7AB35349E}.Debug|Any CPU.ActiveCfg = Debug|Any CPU
		{BDBE5996-CA30-4A02-8278-DBF7AB35349E}.Debug|Any CPU.Build.0 = Debug|Any CPU
		{BDBE5996-CA30-4A02-8278-DBF7AB35349E}.Release|Any CPU.ActiveCfg = Release|Any CPU
		{BDBE5996-CA30-4A02-8278-DBF7AB35349E}.Release|Any CPU.Build.0 = Release|Any CPU
		{FECED52D-7ED2-4F1B-B62B-9113D3E14BD7}.Debug|Any CPU.ActiveCfg = Debug|Any CPU
		{FECED52D-7ED2-4F1B-B62B-9113D3E14BD7}.Debug|Any CPU.Build.0 = Debug|Any CPU
		{FECED52D-7ED2-4F1B-B62B-9113D3E14BD7}.Release|Any CPU.ActiveCfg = Release|Any CPU
		{FECED52D-7ED2-4F1B-B62B-9113D3E14BD7}.Release|Any CPU.Build.0 = Release|Any CPU
		{768093C8-D17F-4A02-BDEA-1922AAFF5518}.Debug|Any CPU.ActiveCfg = Debug|Any CPU
		{768093C8-D17F-4A02-BDEA-1922AAFF5518}.Debug|Any CPU.Build.0 = Debug|Any CPU
		{768093C8-D17F-4A02-BDEA-1922AAFF5518}.Release|Any CPU.ActiveCfg = Release|Any CPU
		{768093C8-D17F-4A02-BDEA-1922AAFF5518}.Release|Any CPU.Build.0 = Release|Any CPU
	EndGlobalSection
	GlobalSection(SolutionProperties) = preSolution
		HideSolutionNode = FALSE
	EndGlobalSection
EndGlobal
