
Microsoft Visual Studio Solution File, Format Version 12.00
# Visual Studio Express 2013 for Windows Desktop
VisualStudioVersion = 12.0.40629.0
MinimumVisualStudioVersion = 10.0.40219.1
Project("{FAE04EC0-301F-11D3-BF4B-00C04F79EFBC}") = "Задача 1", "Задача 1\Задача 1.csproj", "{BDBE5996-CA30-4A02-8278-DBF7AB35349E}"
EndProject
Project("{FAE04EC0-301F-11D3-BF4B-00C04F79EFBC}") = "Задача 2", "Задача 2\Задача 2.csproj", "{FECED52D-7ED2-4F1B-B62B-9113D3E14BD7}"
EndProject
Project("{FAE04EC0-301F-11D3-BF4B-00C04F79EFBC}") = "Задача 6", "Задача 6\Задача 6.csproj", "{768093C8-D17F-4A02-BDEA-1922AAFF5518}"
EndProject
Project("{FAE04EC0-301F-11D3-BF4B-00C04F79EFBC}") = "Задача 3", "Задача 3\Задача 3.csproj", "{938F1EED-A25E-4B38-97E1-14D547CCB309}"
EndProject
Project("{FAE04EC0-301F-11D3-BF4B-00C04F79EFBC}") = "Задача 4", "Задача 4\Задача 4.csproj", "{27AC7D5E-D0AF-48D8-93F4-B80E3E890AFA}"
EndProject
Project("{FAE04EC0-301F-11D3-BF4B-00C04F79EFBC}") = "Задача 5", "Задача 5\Задача 5.csproj", "{15331E30-B107-4BBE-89EB-58508229946D}"
EndProject
Project("{FAE04EC0-301F-11D3-BF4B-00C04F79EFBC}") = "Задача 7", "Задача 7\Задача 7.csproj", "{41941C66-C44A-4C78-8404-F166BBD53CC6}"
EndProject
Project("{FAE04EC0-301F-11D3-BF4B-00C04F79EFBC}") = "Задача 8", "Задача 8\Задача 8.csproj", "{392532CE-467D-4775-9AF8-0C2A20BDF3A7}"
EndProject
Project("{FAE04EC0-301F-11D3-BF4B-00C04F79EFBC}") = "Задача 12", "Задача 12\Задача 12.csproj", "{1619C786-6CD6-4D0A-B8A3-E79853A50EEE}"
EndProject
Global
	GlobalSection(SolutionConfigurationPlatforms) = preSolution
		Debug|Any CPU = Debug|Any CPU
		Release|Any CPU = Release|Any CPU
	EndGlobalSection
	GlobalSection(ProjectConfigurationPlatforms) = postSolution
		{BDBE5996-CA30-4A02-8278-DBF7AB35349E}.Debug|Any CPU.ActiveCfg = Debug|Any CPU
		{BDBE5996-CA30-4A02-8278-DBF7AB35349E}.Debug|Any CPU.Build.0 = Debug|Any CPU
		{BDBE5996-CA30-4A02-8278-DBF7AB35349E}.Release|Any CPU.ActiveCfg = Release|Any CPU
		{BDBE5996-CA30-4A02-8278-DBF7AB35349E}.Release|Any CPU.Build.0 = Release|Any CPU
		{FECED52D-7ED2-4F1B-B62B-9113D3E14BD7}.Debug|Any CPU.ActiveCfg = Debug|Any CPU
		{FECED52D-7ED2-4F1B-B62B-9113D3E14BD7}.Debug|Any CPU.Build.0 = Debug|Any CPU
		{FECED52D-7ED2-4F1B-B62B-9113D3E14BD7}.Release|Any CPU.ActiveCfg = Release|Any CPU
		{FECED52D-7ED2-4F1B-B62B-9113D3E14BD7}.Release|Any CPU.Build.0 = Release|Any CPU
		{768093C8-D17F-4A02-BDEA-1922AAFF5518}.Debug|Any CPU.ActiveCfg = Debug|Any CPU
		{768093C8-D17F-4A02-BDEA-1922AAFF5518}.Debug|Any CPU.Build.0 = Debug|Any CPU
		{768093C8-D17F-4A02-BDEA-1922AAFF5518}.Release|Any CPU.ActiveCfg = Release|Any CPU
		{768093C8-D17F-4A02-BDEA-1922AAFF5518}.Release|Any CPU.Build.0 = Release|Any CPU
		{938F1EED-A25E-4B38-97E1-14D547CCB309}.Debug|Any CPU.ActiveCfg = Debug|Any CPU
		{938F1EED-A25E-4B38-97E1-14D547CCB309}.Debug|Any CPU.Build.0 = Debug|Any CPU
		{938F1EED-A25E-4B38-97E1-14D547CCB309}.Release|Any CPU.ActiveCfg = Release|Any CPU
		{938F1EED-A25E-4B38-97E1-14D547CCB309}.Release|Any CPU.Build.0 = Release|Any CPU
		{27AC7D5E-D0AF-48D8-93F4-B80E3E890AFA}.Debug|Any CPU.ActiveCfg = Debug|Any CPU
		{27AC7D5E-D0AF-48D8-93F4-B80E3E890AFA}.Debug|Any CPU.Build.0 = Debug|Any CPU
		{27AC7D5E-D0AF-48D8-93F4-B80E3E890AFA}.Release|Any CPU.ActiveCfg = Release|Any CPU
		{27AC7D5E-D0AF-48D8-93F4-B80E3E890AFA}.Release|Any CPU.Build.0 = Release|Any CPU
		{15331E30-B107-4BBE-89EB-58508229946D}.Debug|Any CPU.ActiveCfg = Debug|Any CPU
		{15331E30-B107-4BBE-89EB-58508229946D}.Debug|Any CPU.Build.0 = Debug|Any CPU
		{15331E30-B107-4BBE-89EB-58508229946D}.Release|Any CPU.ActiveCfg = Release|Any CPU
		{15331E30-B107-4BBE-89EB-58508229946D}.Release|Any CPU.Build.0 = Release|Any CPU
		{41941C66-C44A-4C78-8404-F166BBD53CC6}.Debug|Any CPU.ActiveCfg = Debug|Any CPU
		{41941C66-C44A-4C78-8404-F166BBD53CC6}.Debug|Any CPU.Build.0 = Debug|Any CPU
		{41941C66-C44A-4C78-8404-F166BBD53CC6}.Release|Any CPU.ActiveCfg = Release|Any CPU
		{41941C66-C44A-4C78-8404-F166BBD53CC6}.Release|Any CPU.Build.0 = Release|Any CPU
		{392532CE-467D-4775-9AF8-0C2A20BDF3A7}.Debug|Any CPU.ActiveCfg = Debug|Any CPU
		{392532CE-467D-4775-9AF8-0C2A20BDF3A7}.Debug|Any CPU.Build.0 = Debug|Any CPU
		{392532CE-467D-4775-9AF8-0C2A20BDF3A7}.Release|Any CPU.ActiveCfg = Release|Any CPU
		{392532CE-467D-4775-9AF8-0C2A20BDF3A7}.Release|Any CPU.Build.0 = Release|Any CPU
		{1619C786-6CD6-4D0A-B8A3-E79853A50EEE}.Debug|Any CPU.ActiveCfg = Debug|Any CPU
		{1619C786-6CD6-4D0A-B8A3-E79853A50EEE}.Debug|Any CPU.Build.0 = Debug|Any CPU
		{1619C786-6CD6-4D0A-B8A3-E79853A50EEE}.Release|Any CPU.ActiveCfg = Release|Any CPU
		{1619C786-6CD6-4D0A-B8A3-E79853A50EEE}.Release|Any CPU.Build.0 = Release|Any CPU
	EndGlobalSection
	GlobalSection(SolutionProperties) = preSolution
		HideSolutionNode = FALSE
	EndGlobalSection
EndGlobal
