
Microsoft Visual Studio Solution File, Format Version 12.00
# Visual Studio 2013
VisualStudioVersion = 12.0.31101.0
MinimumVisualStudioVersion = 10.0.40219.1
Project("{FAE04EC0-301F-11D3-BF4B-00C04F79EFBC}") = "Задача 1", "Задача 1\Задача 1.csproj", "{D8DDA01C-FFCF-404E-AD1C-D05C38C1B0EF}"
EndProject
Global
	GlobalSection(SolutionConfigurationPlatforms) = preSolution
		Debug|Any CPU = Debug|Any CPU
		Release|Any CPU = Release|Any CPU
	EndGlobalSection
	GlobalSection(ProjectConfigurationPlatforms) = postSolution
		{D8DDA01C-FFCF-404E-AD1C-D05C38C1B0EF}.Debug|Any CPU.ActiveCfg = Debug|Any CPU
		{D8DDA01C-FFCF-404E-AD1C-D05C38C1B0EF}.Debug|Any CPU.Build.0 = Debug|Any CPU
		{D8DDA01C-FFCF-404E-AD1C-D05C38C1B0EF}.Release|Any CPU.ActiveCfg = Release|Any CPU
		{D8DDA01C-FFCF-404E-AD1C-D05C38C1B0EF}.Release|Any CPU.Build.0 = Release|Any CPU
	EndGlobalSection
	GlobalSection(SolutionProperties) = preSolution
		HideSolutionNode = FALSE
	EndGlobalSection
EndGlobal
