
Microsoft Visual Studio Solution File, Format Version 12.00
# Visual Studio 2013
VisualStudioVersion = 12.0.31101.0
MinimumVisualStudioVersion = 10.0.40219.1
Project("{FAE04EC0-301F-11D3-BF4B-00C04F79EFBC}") = "Задача 1", "Задача 1\Задача 1.csproj", "{8780DECE-115F-4B78-9CAF-D38F96B6BE90}"
EndProject
Project("{FAE04EC0-301F-11D3-BF4B-00C04F79EFBC}") = "Задача 2", "Задача 2\Задача 2.csproj", "{4BDC8F3B-44BC-413C-9B9A-DEE4AD772E89}"
EndProject
Global
	GlobalSection(SolutionConfigurationPlatforms) = preSolution
		Debug|Any CPU = Debug|Any CPU
		Release|Any CPU = Release|Any CPU
	EndGlobalSection
	GlobalSection(ProjectConfigurationPlatforms) = postSolution
		{8780DECE-115F-4B78-9CAF-D38F96B6BE90}.Debug|Any CPU.ActiveCfg = Debug|Any CPU
		{8780DECE-115F-4B78-9CAF-D38F96B6BE90}.Debug|Any CPU.Build.0 = Debug|Any CPU
		{8780DECE-115F-4B78-9CAF-D38F96B6BE90}.Release|Any CPU.ActiveCfg = Release|Any CPU
		{8780DECE-115F-4B78-9CAF-D38F96B6BE90}.Release|Any CPU.Build.0 = Release|Any CPU
		{4BDC8F3B-44BC-413C-9B9A-DEE4AD772E89}.Debug|Any CPU.ActiveCfg = Debug|Any CPU
		{4BDC8F3B-44BC-413C-9B9A-DEE4AD772E89}.Debug|Any CPU.Build.0 = Debug|Any CPU
		{4BDC8F3B-44BC-413C-9B9A-DEE4AD772E89}.Release|Any CPU.ActiveCfg = Release|Any CPU
		{4BDC8F3B-44BC-413C-9B9A-DEE4AD772E89}.Release|Any CPU.Build.0 = Release|Any CPU
	EndGlobalSection
	GlobalSection(SolutionProperties) = preSolution
		HideSolutionNode = FALSE
	EndGlobalSection
EndGlobal
