
Microsoft Visual Studio Solution File, Format Version 12.00
# Visual Studio Express 2013 for Windows Desktop
VisualStudioVersion = 12.0.40629.0
MinimumVisualStudioVersion = 10.0.40219.1
Project("{FAE04EC0-301F-11D3-BF4B-00C04F79EFBC}") = "Задача 1", "Задача 1\Задача 1.csproj", "{F706381D-4ED8-4723-9196-74AB6CDB29B7}"
EndProject
Project("{FAE04EC0-301F-11D3-BF4B-00C04F79EFBC}") = "Задача 2", "Задача 2\Задача 2.csproj", "{8A9F4BC6-963A-46CB-83D9-DDDCB4722424}"
EndProject
Project("{FAE04EC0-301F-11D3-BF4B-00C04F79EFBC}") = "Задача 5", "Задача 5\Задача 5.csproj", "{C507459D-45D8-477B-AF89-26009B6B668F}"
EndProject
Project("{FAE04EC0-301F-11D3-BF4B-00C04F79EFBC}") = "Задача 6", "Задача 6\Задача 6.csproj", "{2ED1A2E9-44C6-4DCF-B741-6E6D8EFF6BA9}"
EndProject
Project("{FAE04EC0-301F-11D3-BF4B-00C04F79EFBC}") = "Задача 12", "Задача 12\Задача 12.csproj", "{1A62E4AF-903E-4F99-A64C-7377A5CEFE35}"
EndProject
Project("{FAE04EC0-301F-11D3-BF4B-00C04F79EFBC}") = "Задача 3", "Задача 3\Задача 3.csproj", "{6DA6CAAA-78CF-4D21-8A53-00F3CE294E34}"
EndProject
Project("{FAE04EC0-301F-11D3-BF4B-00C04F79EFBC}") = "Задача 4", "Задача 4\Задача 4.csproj", "{D2D4E727-A6A7-4384-A945-DC44E0C32B81}"
EndProject
Project("{FAE04EC0-301F-11D3-BF4B-00C04F79EFBC}") = "Задача 7", "Задача 7\Задача 7.csproj", "{F8284D62-2602-4BD2-8DFF-50458C45A596}"
EndProject
Project("{FAE04EC0-301F-11D3-BF4B-00C04F79EFBC}") = "Задача 22", "Задача 22\Задача 22.csproj", "{3C1A890D-08EA-4DC0-BF83-F925EF50DCE6}"
EndProject
Project("{FAE04EC0-301F-11D3-BF4B-00C04F79EFBC}") = "Задача 9", "Задача 8\Задача 9.csproj", "{B92F5059-191D-48A3-A336-E56061E4B2CC}"
EndProject
Project("{FAE04EC0-301F-11D3-BF4B-00C04F79EFBC}") = "Задача 11", "Задача 11\Задача 11.csproj", "{62E36231-5F06-4365-A336-13DEAF3291B8}"
EndProject
Project("{FAE04EC0-301F-11D3-BF4B-00C04F79EFBC}") = "Задача 14", "Задача 14\Задача 14.csproj", "{1B07257F-2D4B-4D44-95F8-B84E5E50EF70}"
EndProject
Project("{FAE04EC0-301F-11D3-BF4B-00C04F79EFBC}") = "Задача 15", "Задача 15\Задача 15.csproj", "{B5210267-4B81-4084-9EF0-7355E2644614}"
EndProject
Project("{FAE04EC0-301F-11D3-BF4B-00C04F79EFBC}") = "Задача 16", "Задача 16\Задача 16.csproj", "{9B309178-BD49-48F7-B015-6E5F9ACEEB99}"
EndProject
Project("{FAE04EC0-301F-11D3-BF4B-00C04F79EFBC}") = "Задача 17", "Задача 17\Задача 17.csproj", "{2D242EDA-E05E-4BCB-8B21-8C4611AC892E}"
EndProject
Project("{FAE04EC0-301F-11D3-BF4B-00C04F79EFBC}") = "Задача 18", "Задача 18\Задача 18.csproj", "{4AC8CDE0-3FB0-4327-B849-C9D5A145D23F}"
EndProject
Project("{FAE04EC0-301F-11D3-BF4B-00C04F79EFBC}") = "Задача 19", "Задача 19\Задача 19.csproj", "{792A8FD0-5655-4DB3-B2B1-ACEDDD2A20D4}"
EndProject
Project("{FAE04EC0-301F-11D3-BF4B-00C04F79EFBC}") = "Задача 20", "Задача 20\Задача 20.csproj", "{B25A4F70-878B-4144-A1D9-A687C37CDF62}"
EndProject
Project("{FAE04EC0-301F-11D3-BF4B-00C04F79EFBC}") = "Задача 21", "Задача 21\Задача 21.csproj", "{E543DAB1-4124-415F-A1A4-00CEE8FAE8F8}"
EndProject
Project("{FAE04EC0-301F-11D3-BF4B-00C04F79EFBC}") = "Задача 23", "Задача 23\Задача 23.csproj", "{5CD83EA8-7BAB-41F3-BDAE-8023EB31F3BF}"
EndProject
Project("{FAE04EC0-301F-11D3-BF4B-00C04F79EFBC}") = "Задача 24", "Задача 24\Задача 24.csproj", "{841A36AD-B084-4B7E-930A-09717CDC8FD5}"
EndProject
Global
	GlobalSection(SolutionConfigurationPlatforms) = preSolution
		Debug|Any CPU = Debug|Any CPU
		Release|Any CPU = Release|Any CPU
	EndGlobalSection
	GlobalSection(ProjectConfigurationPlatforms) = postSolution
		{F706381D-4ED8-4723-9196-74AB6CDB29B7}.Debug|Any CPU.ActiveCfg = Debug|Any CPU
		{F706381D-4ED8-4723-9196-74AB6CDB29B7}.Debug|Any CPU.Build.0 = Debug|Any CPU
		{F706381D-4ED8-4723-9196-74AB6CDB29B7}.Release|Any CPU.ActiveCfg = Release|Any CPU
		{F706381D-4ED8-4723-9196-74AB6CDB29B7}.Release|Any CPU.Build.0 = Release|Any CPU
		{8A9F4BC6-963A-46CB-83D9-DDDCB4722424}.Debug|Any CPU.ActiveCfg = Debug|Any CPU
		{8A9F4BC6-963A-46CB-83D9-DDDCB4722424}.Debug|Any CPU.Build.0 = Debug|Any CPU
		{8A9F4BC6-963A-46CB-83D9-DDDCB4722424}.Release|Any CPU.ActiveCfg = Release|Any CPU
		{8A9F4BC6-963A-46CB-83D9-DDDCB4722424}.Release|Any CPU.Build.0 = Release|Any CPU
		{C507459D-45D8-477B-AF89-26009B6B668F}.Debug|Any CPU.ActiveCfg = Debug|Any CPU
		{C507459D-45D8-477B-AF89-26009B6B668F}.Debug|Any CPU.Build.0 = Debug|Any CPU
		{C507459D-45D8-477B-AF89-26009B6B668F}.Release|Any CPU.ActiveCfg = Release|Any CPU
		{C507459D-45D8-477B-AF89-26009B6B668F}.Release|Any CPU.Build.0 = Release|Any CPU
		{2ED1A2E9-44C6-4DCF-B741-6E6D8EFF6BA9}.Debug|Any CPU.ActiveCfg = Debug|Any CPU
		{2ED1A2E9-44C6-4DCF-B741-6E6D8EFF6BA9}.Debug|Any CPU.Build.0 = Debug|Any CPU
		{2ED1A2E9-44C6-4DCF-B741-6E6D8EFF6BA9}.Release|Any CPU.ActiveCfg = Release|Any CPU
		{2ED1A2E9-44C6-4DCF-B741-6E6D8EFF6BA9}.Release|Any CPU.Build.0 = Release|Any CPU
		{1A62E4AF-903E-4F99-A64C-7377A5CEFE35}.Debug|Any CPU.ActiveCfg = Debug|Any CPU
		{1A62E4AF-903E-4F99-A64C-7377A5CEFE35}.Debug|Any CPU.Build.0 = Debug|Any CPU
		{1A62E4AF-903E-4F99-A64C-7377A5CEFE35}.Release|Any CPU.ActiveCfg = Release|Any CPU
		{1A62E4AF-903E-4F99-A64C-7377A5CEFE35}.Release|Any CPU.Build.0 = Release|Any CPU
		{6DA6CAAA-78CF-4D21-8A53-00F3CE294E34}.Debug|Any CPU.ActiveCfg = Debug|Any CPU
		{6DA6CAAA-78CF-4D21-8A53-00F3CE294E34}.Debug|Any CPU.Build.0 = Debug|Any CPU
		{6DA6CAAA-78CF-4D21-8A53-00F3CE294E34}.Release|Any CPU.ActiveCfg = Release|Any CPU
		{6DA6CAAA-78CF-4D21-8A53-00F3CE294E34}.Release|Any CPU.Build.0 = Release|Any CPU
		{D2D4E727-A6A7-4384-A945-DC44E0C32B81}.Debug|Any CPU.ActiveCfg = Debug|Any CPU
		{D2D4E727-A6A7-4384-A945-DC44E0C32B81}.Debug|Any CPU.Build.0 = Debug|Any CPU
		{D2D4E727-A6A7-4384-A945-DC44E0C32B81}.Release|Any CPU.ActiveCfg = Release|Any CPU
		{D2D4E727-A6A7-4384-A945-DC44E0C32B81}.Release|Any CPU.Build.0 = Release|Any CPU
		{F8284D62-2602-4BD2-8DFF-50458C45A596}.Debug|Any CPU.ActiveCfg = Debug|Any CPU
		{F8284D62-2602-4BD2-8DFF-50458C45A596}.Debug|Any CPU.Build.0 = Debug|Any CPU
		{F8284D62-2602-4BD2-8DFF-50458C45A596}.Release|Any CPU.ActiveCfg = Release|Any CPU
		{F8284D62-2602-4BD2-8DFF-50458C45A596}.Release|Any CPU.Build.0 = Release|Any CPU
		{3C1A890D-08EA-4DC0-BF83-F925EF50DCE6}.Debug|Any CPU.ActiveCfg = Debug|Any CPU
		{3C1A890D-08EA-4DC0-BF83-F925EF50DCE6}.Debug|Any CPU.Build.0 = Debug|Any CPU
		{3C1A890D-08EA-4DC0-BF83-F925EF50DCE6}.Release|Any CPU.ActiveCfg = Release|Any CPU
		{3C1A890D-08EA-4DC0-BF83-F925EF50DCE6}.Release|Any CPU.Build.0 = Release|Any CPU
		{B92F5059-191D-48A3-A336-E56061E4B2CC}.Debug|Any CPU.ActiveCfg = Debug|Any CPU
		{B92F5059-191D-48A3-A336-E56061E4B2CC}.Debug|Any CPU.Build.0 = Debug|Any CPU
		{B92F5059-191D-48A3-A336-E56061E4B2CC}.Release|Any CPU.ActiveCfg = Release|Any CPU
		{B92F5059-191D-48A3-A336-E56061E4B2CC}.Release|Any CPU.Build.0 = Release|Any CPU
		{62E36231-5F06-4365-A336-13DEAF3291B8}.Debug|Any CPU.ActiveCfg = Debug|Any CPU
		{62E36231-5F06-4365-A336-13DEAF3291B8}.Debug|Any CPU.Build.0 = Debug|Any CPU
		{62E36231-5F06-4365-A336-13DEAF3291B8}.Release|Any CPU.ActiveCfg = Release|Any CPU
		{62E36231-5F06-4365-A336-13DEAF3291B8}.Release|Any CPU.Build.0 = Release|Any CPU
		{1B07257F-2D4B-4D44-95F8-B84E5E50EF70}.Debug|Any CPU.ActiveCfg = Debug|Any CPU
		{1B07257F-2D4B-4D44-95F8-B84E5E50EF70}.Debug|Any CPU.Build.0 = Debug|Any CPU
		{1B07257F-2D4B-4D44-95F8-B84E5E50EF70}.Release|Any CPU.ActiveCfg = Release|Any CPU
		{1B07257F-2D4B-4D44-95F8-B84E5E50EF70}.Release|Any CPU.Build.0 = Release|Any CPU
		{B5210267-4B81-4084-9EF0-7355E2644614}.Debug|Any CPU.ActiveCfg = Debug|Any CPU
		{B5210267-4B81-4084-9EF0-7355E2644614}.Debug|Any CPU.Build.0 = Debug|Any CPU
		{B5210267-4B81-4084-9EF0-7355E2644614}.Release|Any CPU.ActiveCfg = Release|Any CPU
		{B5210267-4B81-4084-9EF0-7355E2644614}.Release|Any CPU.Build.0 = Release|Any CPU
		{9B309178-BD49-48F7-B015-6E5F9ACEEB99}.Debug|Any CPU.ActiveCfg = Debug|Any CPU
		{9B309178-BD49-48F7-B015-6E5F9ACEEB99}.Debug|Any CPU.Build.0 = Debug|Any CPU
		{9B309178-BD49-48F7-B015-6E5F9ACEEB99}.Release|Any CPU.ActiveCfg = Release|Any CPU
		{9B309178-BD49-48F7-B015-6E5F9ACEEB99}.Release|Any CPU.Build.0 = Release|Any CPU
		{2D242EDA-E05E-4BCB-8B21-8C4611AC892E}.Debug|Any CPU.ActiveCfg = Debug|Any CPU
		{2D242EDA-E05E-4BCB-8B21-8C4611AC892E}.Debug|Any CPU.Build.0 = Debug|Any CPU
		{2D242EDA-E05E-4BCB-8B21-8C4611AC892E}.Release|Any CPU.ActiveCfg = Release|Any CPU
		{2D242EDA-E05E-4BCB-8B21-8C4611AC892E}.Release|Any CPU.Build.0 = Release|Any CPU
		{4AC8CDE0-3FB0-4327-B849-C9D5A145D23F}.Debug|Any CPU.ActiveCfg = Debug|Any CPU
		{4AC8CDE0-3FB0-4327-B849-C9D5A145D23F}.Debug|Any CPU.Build.0 = Debug|Any CPU
		{4AC8CDE0-3FB0-4327-B849-C9D5A145D23F}.Release|Any CPU.ActiveCfg = Release|Any CPU
		{4AC8CDE0-3FB0-4327-B849-C9D5A145D23F}.Release|Any CPU.Build.0 = Release|Any CPU
		{792A8FD0-5655-4DB3-B2B1-ACEDDD2A20D4}.Debug|Any CPU.ActiveCfg = Debug|Any CPU
		{792A8FD0-5655-4DB3-B2B1-ACEDDD2A20D4}.Debug|Any CPU.Build.0 = Debug|Any CPU
		{792A8FD0-5655-4DB3-B2B1-ACEDDD2A20D4}.Release|Any CPU.ActiveCfg = Release|Any CPU
		{792A8FD0-5655-4DB3-B2B1-ACEDDD2A20D4}.Release|Any CPU.Build.0 = Release|Any CPU
		{B25A4F70-878B-4144-A1D9-A687C37CDF62}.Debug|Any CPU.ActiveCfg = Debug|Any CPU
		{B25A4F70-878B-4144-A1D9-A687C37CDF62}.Debug|Any CPU.Build.0 = Debug|Any CPU
		{B25A4F70-878B-4144-A1D9-A687C37CDF62}.Release|Any CPU.ActiveCfg = Release|Any CPU
		{B25A4F70-878B-4144-A1D9-A687C37CDF62}.Release|Any CPU.Build.0 = Release|Any CPU
		{E543DAB1-4124-415F-A1A4-00CEE8FAE8F8}.Debug|Any CPU.ActiveCfg = Debug|Any CPU
		{E543DAB1-4124-415F-A1A4-00CEE8FAE8F8}.Debug|Any CPU.Build.0 = Debug|Any CPU
		{E543DAB1-4124-415F-A1A4-00CEE8FAE8F8}.Release|Any CPU.ActiveCfg = Release|Any CPU
		{E543DAB1-4124-415F-A1A4-00CEE8FAE8F8}.Release|Any CPU.Build.0 = Release|Any CPU
		{5CD83EA8-7BAB-41F3-BDAE-8023EB31F3BF}.Debug|Any CPU.ActiveCfg = Debug|Any CPU
		{5CD83EA8-7BAB-41F3-BDAE-8023EB31F3BF}.Debug|Any CPU.Build.0 = Debug|Any CPU
		{5CD83EA8-7BAB-41F3-BDAE-8023EB31F3BF}.Release|Any CPU.ActiveCfg = Release|Any CPU
		{5CD83EA8-7BAB-41F3-BDAE-8023EB31F3BF}.Release|Any CPU.Build.0 = Release|Any CPU
		{841A36AD-B084-4B7E-930A-09717CDC8FD5}.Debug|Any CPU.ActiveCfg = Debug|Any CPU
		{841A36AD-B084-4B7E-930A-09717CDC8FD5}.Debug|Any CPU.Build.0 = Debug|Any CPU
		{841A36AD-B084-4B7E-930A-09717CDC8FD5}.Release|Any CPU.ActiveCfg = Release|Any CPU
		{841A36AD-B084-4B7E-930A-09717CDC8FD5}.Release|Any CPU.Build.0 = Release|Any CPU
	EndGlobalSection
	GlobalSection(SolutionProperties) = preSolution
		HideSolutionNode = FALSE
	EndGlobalSection
EndGlobal
